// !$*UTF8*$!
{
	archiveVersion = 1;
	classes = {
	};
	objectVersion = 51;
	objects = {

/* Begin PBXBuildFile section */
		2D10CF88436DAB9F8F6B6BFB /* Pods_Genre_SwiftUITests.framework in Frameworks */ = {isa = PBXBuildFile; fileRef = BEE675344BB290B63EE967E1 /* Pods_Genre_SwiftUITests.framework */; };
		64C54A232C974F5A013FF545 /* Pods_Genre_SwiftUI.framework in Frameworks */ = {isa = PBXBuildFile; fileRef = 3A9CDBAF0F25870BF0258480 /* Pods_Genre_SwiftUI.framework */; };
		945D127C24A6CF12008BDBE1 /* AppDelegate.swift in Sources */ = {isa = PBXBuildFile; fileRef = 945D127B24A6CF12008BDBE1 /* AppDelegate.swift */; };
		945D127E24A6CF12008BDBE1 /* SceneDelegate.swift in Sources */ = {isa = PBXBuildFile; fileRef = 945D127D24A6CF12008BDBE1 /* SceneDelegate.swift */; };
		945D128024A6CF12008BDBE1 /* GameView.swift in Sources */ = {isa = PBXBuildFile; fileRef = 945D127F24A6CF12008BDBE1 /* GameView.swift */; };
		945D128224A6CF14008BDBE1 /* Assets.xcassets in Resources */ = {isa = PBXBuildFile; fileRef = 945D128124A6CF14008BDBE1 /* Assets.xcassets */; };
		945D128524A6CF14008BDBE1 /* Preview Assets.xcassets in Resources */ = {isa = PBXBuildFile; fileRef = 945D128424A6CF14008BDBE1 /* Preview Assets.xcassets */; };
		945D128824A6CF14008BDBE1 /* LaunchScreen.storyboard in Resources */ = {isa = PBXBuildFile; fileRef = 945D128624A6CF14008BDBE1 /* LaunchScreen.storyboard */; };
		945D129324A6CF14008BDBE1 /* Genre_SwiftUITests.swift in Sources */ = {isa = PBXBuildFile; fileRef = 945D129224A6CF14008BDBE1 /* Genre_SwiftUITests.swift */; };
		948EDE1924A8FDCD006E8699 /* CardView.swift in Sources */ = {isa = PBXBuildFile; fileRef = 948EDE1824A8FDCD006E8699 /* CardView.swift */; };
		948EDE1C24A94FFB006E8699 /* HomeView.swift in Sources */ = {isa = PBXBuildFile; fileRef = 948EDE1B24A94FFB006E8699 /* HomeView.swift */; };
		948EDE2124AACDA8006E8699 /* WordList.swift in Sources */ = {isa = PBXBuildFile; fileRef = 948EDE2024AACDA8006E8699 /* WordList.swift */; };
		948EDE2324AACDD9006E8699 /* WordListDataSource.swift in Sources */ = {isa = PBXBuildFile; fileRef = 948EDE2224AACDD9006E8699 /* WordListDataSource.swift */; };
		94F2186824A8ECDC00DABDDB /* Session+CoreDataProperties.swift in Sources */ = {isa = PBXBuildFile; fileRef = 94F2186224A8ECDC00DABDDB /* Session+CoreDataProperties.swift */; };
		94F2186924A8ECDC00DABDDB /* Word+CoreDataProperties.swift in Sources */ = {isa = PBXBuildFile; fileRef = 94F2186324A8ECDC00DABDDB /* Word+CoreDataProperties.swift */; };
		94F2186A24A8ECDC00DABDDB /* Session+CoreDataClass.swift in Sources */ = {isa = PBXBuildFile; fileRef = 94F2186424A8ECDC00DABDDB /* Session+CoreDataClass.swift */; };
		94F2186B24A8ECDC00DABDDB /* WordModel.xcdatamodeld in Sources */ = {isa = PBXBuildFile; fileRef = 94F2186524A8ECDC00DABDDB /* WordModel.xcdatamodeld */; };
		94F2186C24A8ECDC00DABDDB /* Word+CoreDataClass.swift in Sources */ = {isa = PBXBuildFile; fileRef = 94F2186724A8ECDC00DABDDB /* Word+CoreDataClass.swift */; };
		94F2187424A8EFDE00DABDDB /* WordManager.swift in Sources */ = {isa = PBXBuildFile; fileRef = 94F2187324A8EFDE00DABDDB /* WordManager.swift */; };
		94F2187624A8F09400DABDDB /* Constants.swift in Sources */ = {isa = PBXBuildFile; fileRef = 94F2187524A8F09400DABDDB /* Constants.swift */; };
		94F2187824A8F0A900DABDDB /* SessionManager.swift in Sources */ = {isa = PBXBuildFile; fileRef = 94F2187724A8F0A900DABDDB /* SessionManager.swift */; };
		94F2187A24A8F19D00DABDDB /* Haptics.swift in Sources */ = {isa = PBXBuildFile; fileRef = 94F2187924A8F19D00DABDDB /* Haptics.swift */; };
		94F2187D24A8F36600DABDDB /* Words1592WithAccents.csv in Resources */ = {isa = PBXBuildFile; fileRef = 94F2187C24A8F36600DABDDB /* Words1592WithAccents.csv */; };
		94F2187F24A8F3D800DABDDB /* GameViewDataSource.swift in Sources */ = {isa = PBXBuildFile; fileRef = 94F2187E24A8F3D800DABDDB /* GameViewDataSource.swift */; };
/* End PBXBuildFile section */

/* Begin PBXContainerItemProxy section */
		945D128F24A6CF14008BDBE1 /* PBXContainerItemProxy */ = {
			isa = PBXContainerItemProxy;
			containerPortal = 945D127024A6CF12008BDBE1 /* Project object */;
			proxyType = 1;
			remoteGlobalIDString = 945D127724A6CF12008BDBE1;
			remoteInfo = "Genre-SwiftUI";
		};
/* End PBXContainerItemProxy section */

/* Begin PBXFileReference section */
		0A2E13A1E496F61187661007 /* Pods-Genre-SwiftUITests.release.xcconfig */ = {isa = PBXFileReference; includeInIndex = 1; lastKnownFileType = text.xcconfig; name = "Pods-Genre-SwiftUITests.release.xcconfig"; path = "Target Support Files/Pods-Genre-SwiftUITests/Pods-Genre-SwiftUITests.release.xcconfig"; sourceTree = "<group>"; };
		2859905D48B6B66B1D3C373B /* Pods-Genre-SwiftUITests.debug.xcconfig */ = {isa = PBXFileReference; includeInIndex = 1; lastKnownFileType = text.xcconfig; name = "Pods-Genre-SwiftUITests.debug.xcconfig"; path = "Target Support Files/Pods-Genre-SwiftUITests/Pods-Genre-SwiftUITests.debug.xcconfig"; sourceTree = "<group>"; };
		338683E04D7FA9CC457B0E66 /* Pods-Genre-SwiftUI.debug.xcconfig */ = {isa = PBXFileReference; includeInIndex = 1; lastKnownFileType = text.xcconfig; name = "Pods-Genre-SwiftUI.debug.xcconfig"; path = "Target Support Files/Pods-Genre-SwiftUI/Pods-Genre-SwiftUI.debug.xcconfig"; sourceTree = "<group>"; };
		3A9CDBAF0F25870BF0258480 /* Pods_Genre_SwiftUI.framework */ = {isa = PBXFileReference; explicitFileType = wrapper.framework; includeInIndex = 0; path = Pods_Genre_SwiftUI.framework; sourceTree = BUILT_PRODUCTS_DIR; };
		945D127824A6CF12008BDBE1 /* Genre-SwiftUI.app */ = {isa = PBXFileReference; explicitFileType = wrapper.application; includeInIndex = 0; path = "Genre-SwiftUI.app"; sourceTree = BUILT_PRODUCTS_DIR; };
		945D127B24A6CF12008BDBE1 /* AppDelegate.swift */ = {isa = PBXFileReference; lastKnownFileType = sourcecode.swift; path = AppDelegate.swift; sourceTree = "<group>"; };
		945D127D24A6CF12008BDBE1 /* SceneDelegate.swift */ = {isa = PBXFileReference; lastKnownFileType = sourcecode.swift; path = SceneDelegate.swift; sourceTree = "<group>"; };
		945D127F24A6CF12008BDBE1 /* GameView.swift */ = {isa = PBXFileReference; lastKnownFileType = sourcecode.swift; path = GameView.swift; sourceTree = "<group>"; };
		945D128124A6CF14008BDBE1 /* Assets.xcassets */ = {isa = PBXFileReference; lastKnownFileType = folder.assetcatalog; path = Assets.xcassets; sourceTree = "<group>"; };
		945D128424A6CF14008BDBE1 /* Preview Assets.xcassets */ = {isa = PBXFileReference; lastKnownFileType = folder.assetcatalog; path = "Preview Assets.xcassets"; sourceTree = "<group>"; };
		945D128724A6CF14008BDBE1 /* Base */ = {isa = PBXFileReference; lastKnownFileType = file.storyboard; name = Base; path = Base.lproj/LaunchScreen.storyboard; sourceTree = "<group>"; };
		945D128924A6CF14008BDBE1 /* Info.plist */ = {isa = PBXFileReference; lastKnownFileType = text.plist.xml; path = Info.plist; sourceTree = "<group>"; };
		945D128E24A6CF14008BDBE1 /* Genre-SwiftUITests.xctest */ = {isa = PBXFileReference; explicitFileType = wrapper.cfbundle; includeInIndex = 0; path = "Genre-SwiftUITests.xctest"; sourceTree = BUILT_PRODUCTS_DIR; };
		945D129224A6CF14008BDBE1 /* Genre_SwiftUITests.swift */ = {isa = PBXFileReference; lastKnownFileType = sourcecode.swift; path = Genre_SwiftUITests.swift; sourceTree = "<group>"; };
		945D129424A6CF14008BDBE1 /* Info.plist */ = {isa = PBXFileReference; lastKnownFileType = text.plist.xml; path = Info.plist; sourceTree = "<group>"; };
		948EDE1824A8FDCD006E8699 /* CardView.swift */ = {isa = PBXFileReference; lastKnownFileType = sourcecode.swift; path = CardView.swift; sourceTree = "<group>"; };
		948EDE1B24A94FFB006E8699 /* HomeView.swift */ = {isa = PBXFileReference; lastKnownFileType = sourcecode.swift; path = HomeView.swift; sourceTree = "<group>"; };
		948EDE2024AACDA8006E8699 /* WordList.swift */ = {isa = PBXFileReference; lastKnownFileType = sourcecode.swift; path = WordList.swift; sourceTree = "<group>"; };
		948EDE2224AACDD9006E8699 /* WordListDataSource.swift */ = {isa = PBXFileReference; lastKnownFileType = sourcecode.swift; path = WordListDataSource.swift; sourceTree = "<group>"; };
		94F2184024A6F2F200DABDDB /* Genre-SwiftUI.entitlements */ = {isa = PBXFileReference; lastKnownFileType = text.plist.entitlements; path = "Genre-SwiftUI.entitlements"; sourceTree = "<group>"; };
		94F2186224A8ECDC00DABDDB /* Session+CoreDataProperties.swift */ = {isa = PBXFileReference; fileEncoding = 4; lastKnownFileType = sourcecode.swift; path = "Session+CoreDataProperties.swift"; sourceTree = "<group>"; };
		94F2186324A8ECDC00DABDDB /* Word+CoreDataProperties.swift */ = {isa = PBXFileReference; fileEncoding = 4; lastKnownFileType = sourcecode.swift; path = "Word+CoreDataProperties.swift"; sourceTree = "<group>"; };
		94F2186424A8ECDC00DABDDB /* Session+CoreDataClass.swift */ = {isa = PBXFileReference; fileEncoding = 4; lastKnownFileType = sourcecode.swift; path = "Session+CoreDataClass.swift"; sourceTree = "<group>"; };
		94F2186624A8ECDC00DABDDB /* WordModel.xcdatamodel */ = {isa = PBXFileReference; lastKnownFileType = wrapper.xcdatamodel; path = WordModel.xcdatamodel; sourceTree = "<group>"; };
		94F2186724A8ECDC00DABDDB /* Word+CoreDataClass.swift */ = {isa = PBXFileReference; fileEncoding = 4; lastKnownFileType = sourcecode.swift; path = "Word+CoreDataClass.swift"; sourceTree = "<group>"; };
		94F2187324A8EFDE00DABDDB /* WordManager.swift */ = {isa = PBXFileReference; fileEncoding = 4; lastKnownFileType = sourcecode.swift; path = WordManager.swift; sourceTree = "<group>"; };
		94F2187524A8F09400DABDDB /* Constants.swift */ = {isa = PBXFileReference; fileEncoding = 4; lastKnownFileType = sourcecode.swift; path = Constants.swift; sourceTree = "<group>"; };
		94F2187724A8F0A900DABDDB /* SessionManager.swift */ = {isa = PBXFileReference; fileEncoding = 4; lastKnownFileType = sourcecode.swift; path = SessionManager.swift; sourceTree = "<group>"; };
		94F2187924A8F19D00DABDDB /* Haptics.swift */ = {isa = PBXFileReference; fileEncoding = 4; lastKnownFileType = sourcecode.swift; path = Haptics.swift; sourceTree = "<group>"; };
		94F2187C24A8F36600DABDDB /* Words1592WithAccents.csv */ = {isa = PBXFileReference; fileEncoding = 4; lastKnownFileType = text; path = Words1592WithAccents.csv; sourceTree = "<group>"; };
		94F2187E24A8F3D800DABDDB /* GameViewDataSource.swift */ = {isa = PBXFileReference; lastKnownFileType = sourcecode.swift; path = GameViewDataSource.swift; sourceTree = "<group>"; };
		BEE675344BB290B63EE967E1 /* Pods_Genre_SwiftUITests.framework */ = {isa = PBXFileReference; explicitFileType = wrapper.framework; includeInIndex = 0; path = Pods_Genre_SwiftUITests.framework; sourceTree = BUILT_PRODUCTS_DIR; };
		C7F1CA93FD1D6A0D9A4B3E19 /* Pods-Genre-SwiftUI.release.xcconfig */ = {isa = PBXFileReference; includeInIndex = 1; lastKnownFileType = text.xcconfig; name = "Pods-Genre-SwiftUI.release.xcconfig"; path = "Target Support Files/Pods-Genre-SwiftUI/Pods-Genre-SwiftUI.release.xcconfig"; sourceTree = "<group>"; };
/* End PBXFileReference section */

/* Begin PBXFrameworksBuildPhase section */
		945D127524A6CF12008BDBE1 /* Frameworks */ = {
			isa = PBXFrameworksBuildPhase;
			buildActionMask = 2147483647;
			files = (
				64C54A232C974F5A013FF545 /* Pods_Genre_SwiftUI.framework in Frameworks */,
			);
			runOnlyForDeploymentPostprocessing = 0;
		};
		945D128B24A6CF14008BDBE1 /* Frameworks */ = {
			isa = PBXFrameworksBuildPhase;
			buildActionMask = 2147483647;
			files = (
				2D10CF88436DAB9F8F6B6BFB /* Pods_Genre_SwiftUITests.framework in Frameworks */,
			);
			runOnlyForDeploymentPostprocessing = 0;
		};
/* End PBXFrameworksBuildPhase section */

/* Begin PBXGroup section */
		58AD09B9E7371EC07C705069 /* Pods */ = {
			isa = PBXGroup;
			children = (
				338683E04D7FA9CC457B0E66 /* Pods-Genre-SwiftUI.debug.xcconfig */,
				C7F1CA93FD1D6A0D9A4B3E19 /* Pods-Genre-SwiftUI.release.xcconfig */,
				2859905D48B6B66B1D3C373B /* Pods-Genre-SwiftUITests.debug.xcconfig */,
				0A2E13A1E496F61187661007 /* Pods-Genre-SwiftUITests.release.xcconfig */,
			);
			path = Pods;
			sourceTree = "<group>";
		};
		945D126F24A6CF12008BDBE1 = {
			isa = PBXGroup;
			children = (
				945D127A24A6CF12008BDBE1 /* Genre-SwiftUI */,
				945D129124A6CF14008BDBE1 /* Genre-SwiftUITests */,
				945D127924A6CF12008BDBE1 /* Products */,
				58AD09B9E7371EC07C705069 /* Pods */,
				A3F156704CC8D42085918B36 /* Frameworks */,
			);
			sourceTree = "<group>";
		};
		945D127924A6CF12008BDBE1 /* Products */ = {
			isa = PBXGroup;
			children = (
				945D127824A6CF12008BDBE1 /* Genre-SwiftUI.app */,
				945D128E24A6CF14008BDBE1 /* Genre-SwiftUITests.xctest */,
			);
			name = Products;
			sourceTree = "<group>";
		};
		945D127A24A6CF12008BDBE1 /* Genre-SwiftUI */ = {
			isa = PBXGroup;
			children = (
				945D127B24A6CF12008BDBE1 /* AppDelegate.swift */,
				945D127D24A6CF12008BDBE1 /* SceneDelegate.swift */,
				94F2187524A8F09400DABDDB /* Constants.swift */,
				94F2187024A8EFB400DABDDB /* Helpers */,
				94F2184424A8E9FA00DABDDB /* Models */,
				94F2184124A7A41500DABDDB /* App Settings */,
				94F2184324A7A43D00DABDDB /* Resources */,
				94F2184224A7A43100DABDDB /* Views */,
			);
			path = "Genre-SwiftUI";
			sourceTree = "<group>";
		};
		945D128324A6CF14008BDBE1 /* Preview Content */ = {
			isa = PBXGroup;
			children = (
				945D128424A6CF14008BDBE1 /* Preview Assets.xcassets */,
			);
			path = "Preview Content";
			sourceTree = "<group>";
		};
		945D129124A6CF14008BDBE1 /* Genre-SwiftUITests */ = {
			isa = PBXGroup;
			children = (
				945D129224A6CF14008BDBE1 /* Genre_SwiftUITests.swift */,
				945D129424A6CF14008BDBE1 /* Info.plist */,
			);
			path = "Genre-SwiftUITests";
			sourceTree = "<group>";
		};
		948EDE1A24A94FE5006E8699 /* HomeView */ = {
			isa = PBXGroup;
			children = (
				948EDE1B24A94FFB006E8699 /* HomeView.swift */,
			);
			path = HomeView;
			sourceTree = "<group>";
		};
		948EDE1F24AACD92006E8699 /* WordList */ = {
			isa = PBXGroup;
			children = (
				948EDE2024AACDA8006E8699 /* WordList.swift */,
				948EDE2224AACDD9006E8699 /* WordListDataSource.swift */,
			);
			path = WordList;
			sourceTree = "<group>";
		};
		94F2184124A7A41500DABDDB /* App Settings */ = {
			isa = PBXGroup;
			children = (
				94F2184024A6F2F200DABDDB /* Genre-SwiftUI.entitlements */,
				945D128924A6CF14008BDBE1 /* Info.plist */,
			);
			path = "App Settings";
			sourceTree = "<group>";
		};
		94F2184224A7A43100DABDDB /* Views */ = {
			isa = PBXGroup;
			children = (
				948EDE1F24AACD92006E8699 /* WordList */,
				948EDE1A24A94FE5006E8699 /* HomeView */,
				94F2186D24A8EDA500DABDDB /* GameView */,
			);
			path = Views;
			sourceTree = "<group>";
		};
		94F2184324A7A43D00DABDDB /* Resources */ = {
			isa = PBXGroup;
			children = (
				94F2187B24A8F35D00DABDDB /* CSV */,
				945D128324A6CF14008BDBE1 /* Preview Content */,
				945D128124A6CF14008BDBE1 /* Assets.xcassets */,
				945D128624A6CF14008BDBE1 /* LaunchScreen.storyboard */,
			);
			path = Resources;
			sourceTree = "<group>";
		};
		94F2184424A8E9FA00DABDDB /* Models */ = {
			isa = PBXGroup;
			children = (
				94F2186524A8ECDC00DABDDB /* WordModel.xcdatamodeld */,
				94F2186424A8ECDC00DABDDB /* Session+CoreDataClass.swift */,
				94F2186224A8ECDC00DABDDB /* Session+CoreDataProperties.swift */,
				94F2186724A8ECDC00DABDDB /* Word+CoreDataClass.swift */,
				94F2186324A8ECDC00DABDDB /* Word+CoreDataProperties.swift */,
			);
			path = Models;
			sourceTree = "<group>";
		};
		94F2186D24A8EDA500DABDDB /* GameView */ = {
			isa = PBXGroup;
			children = (
				945D127F24A6CF12008BDBE1 /* GameView.swift */,
				94F2187E24A8F3D800DABDDB /* GameViewDataSource.swift */,
				948EDE1824A8FDCD006E8699 /* CardView.swift */,
			);
			path = GameView;
			sourceTree = "<group>";
		};
		94F2187024A8EFB400DABDDB /* Helpers */ = {
			isa = PBXGroup;
			children = (
				94F2187724A8F0A900DABDDB /* SessionManager.swift */,
				94F2187324A8EFDE00DABDDB /* WordManager.swift */,
				94F2187924A8F19D00DABDDB /* Haptics.swift */,
			);
			path = Helpers;
			sourceTree = "<group>";
		};
		94F2187B24A8F35D00DABDDB /* CSV */ = {
			isa = PBXGroup;
			children = (
				94F2187C24A8F36600DABDDB /* Words1592WithAccents.csv */,
			);
			path = CSV;
			sourceTree = "<group>";
		};
		A3F156704CC8D42085918B36 /* Frameworks */ = {
			isa = PBXGroup;
			children = (
				3A9CDBAF0F25870BF0258480 /* Pods_Genre_SwiftUI.framework */,
				BEE675344BB290B63EE967E1 /* Pods_Genre_SwiftUITests.framework */,
			);
			name = Frameworks;
			sourceTree = "<group>";
		};
/* End PBXGroup section */

/* Begin PBXNativeTarget section */
		945D127724A6CF12008BDBE1 /* Genre-SwiftUI */ = {
			isa = PBXNativeTarget;
			buildConfigurationList = 945D129724A6CF14008BDBE1 /* Build configuration list for PBXNativeTarget "Genre-SwiftUI" */;
			buildPhases = (
				536B7E4E0B412CC3BCDB23BA /* [CP] Check Pods Manifest.lock */,
				945D127424A6CF12008BDBE1 /* Sources */,
				945D127524A6CF12008BDBE1 /* Frameworks */,
				945D127624A6CF12008BDBE1 /* Resources */,
				E6AD6425CA858B5591BDB1EB /* [CP] Embed Pods Frameworks */,
			);
			buildRules = (
			);
			dependencies = (
			);
			name = "Genre-SwiftUI";
			productName = "Genre-SwiftUI";
			productReference = 945D127824A6CF12008BDBE1 /* Genre-SwiftUI.app */;
			productType = "com.apple.product-type.application";
		};
		945D128D24A6CF14008BDBE1 /* Genre-SwiftUITests */ = {
			isa = PBXNativeTarget;
			buildConfigurationList = 945D129A24A6CF14008BDBE1 /* Build configuration list for PBXNativeTarget "Genre-SwiftUITests" */;
			buildPhases = (
				C7B5790408D4ACA5777E2669 /* [CP] Check Pods Manifest.lock */,
				945D128A24A6CF14008BDBE1 /* Sources */,
				945D128B24A6CF14008BDBE1 /* Frameworks */,
				945D128C24A6CF14008BDBE1 /* Resources */,
			);
			buildRules = (
			);
			dependencies = (
				945D129024A6CF14008BDBE1 /* PBXTargetDependency */,
			);
			name = "Genre-SwiftUITests";
			productName = "Genre-SwiftUITests";
			productReference = 945D128E24A6CF14008BDBE1 /* Genre-SwiftUITests.xctest */;
			productType = "com.apple.product-type.bundle.unit-test";
		};
/* End PBXNativeTarget section */

/* Begin PBXProject section */
		945D127024A6CF12008BDBE1 /* Project object */ = {
			isa = PBXProject;
			attributes = {
				LastSwiftUpdateCheck = 1150;
				LastUpgradeCheck = 1150;
				ORGANIZATIONNAME = "Ryan David Forsyth";
				TargetAttributes = {
					945D127724A6CF12008BDBE1 = {
						CreatedOnToolsVersion = 11.5;
					};
					945D128D24A6CF14008BDBE1 = {
						CreatedOnToolsVersion = 11.5;
						TestTargetID = 945D127724A6CF12008BDBE1;
					};
				};
			};
			buildConfigurationList = 945D127324A6CF12008BDBE1 /* Build configuration list for PBXProject "Genre-SwiftUI" */;
			compatibilityVersion = "Xcode 9.3";
			developmentRegion = en;
			hasScannedForEncodings = 0;
			knownRegions = (
				en,
				Base,
			);
			mainGroup = 945D126F24A6CF12008BDBE1;
			productRefGroup = 945D127924A6CF12008BDBE1 /* Products */;
			projectDirPath = "";
			projectRoot = "";
			targets = (
				945D127724A6CF12008BDBE1 /* Genre-SwiftUI */,
				945D128D24A6CF14008BDBE1 /* Genre-SwiftUITests */,
			);
		};
/* End PBXProject section */

/* Begin PBXResourcesBuildPhase section */
		945D127624A6CF12008BDBE1 /* Resources */ = {
			isa = PBXResourcesBuildPhase;
			buildActionMask = 2147483647;
			files = (
				945D128824A6CF14008BDBE1 /* LaunchScreen.storyboard in Resources */,
				945D128524A6CF14008BDBE1 /* Preview Assets.xcassets in Resources */,
				945D128224A6CF14008BDBE1 /* Assets.xcassets in Resources */,
				94F2187D24A8F36600DABDDB /* Words1592WithAccents.csv in Resources */,
			);
			runOnlyForDeploymentPostprocessing = 0;
		};
		945D128C24A6CF14008BDBE1 /* Resources */ = {
			isa = PBXResourcesBuildPhase;
			buildActionMask = 2147483647;
			files = (
			);
			runOnlyForDeploymentPostprocessing = 0;
		};
/* End PBXResourcesBuildPhase section */

/* Begin PBXShellScriptBuildPhase section */
		536B7E4E0B412CC3BCDB23BA /* [CP] Check Pods Manifest.lock */ = {
			isa = PBXShellScriptBuildPhase;
			buildActionMask = 2147483647;
			files = (
			);
			inputFileListPaths = (
			);
			inputPaths = (
				"${PODS_PODFILE_DIR_PATH}/Podfile.lock",
				"${PODS_ROOT}/Manifest.lock",
			);
			name = "[CP] Check Pods Manifest.lock";
			outputFileListPaths = (
			);
			outputPaths = (
				"$(DERIVED_FILE_DIR)/Pods-Genre-SwiftUI-checkManifestLockResult.txt",
			);
			runOnlyForDeploymentPostprocessing = 0;
			shellPath = /bin/sh;
			shellScript = "diff \"${PODS_PODFILE_DIR_PATH}/Podfile.lock\" \"${PODS_ROOT}/Manifest.lock\" > /dev/null\nif [ $? != 0 ] ; then\n    # print error to STDERR\n    echo \"error: The sandbox is not in sync with the Podfile.lock. Run 'pod install' or update your CocoaPods installation.\" >&2\n    exit 1\nfi\n# This output is used by Xcode 'outputs' to avoid re-running this script phase.\necho \"SUCCESS\" > \"${SCRIPT_OUTPUT_FILE_0}\"\n";
			showEnvVarsInLog = 0;
		};
		C7B5790408D4ACA5777E2669 /* [CP] Check Pods Manifest.lock */ = {
			isa = PBXShellScriptBuildPhase;
			buildActionMask = 2147483647;
			files = (
			);
			inputFileListPaths = (
			);
			inputPaths = (
				"${PODS_PODFILE_DIR_PATH}/Podfile.lock",
				"${PODS_ROOT}/Manifest.lock",
			);
			name = "[CP] Check Pods Manifest.lock";
			outputFileListPaths = (
			);
			outputPaths = (
				"$(DERIVED_FILE_DIR)/Pods-Genre-SwiftUITests-checkManifestLockResult.txt",
			);
			runOnlyForDeploymentPostprocessing = 0;
			shellPath = /bin/sh;
			shellScript = "diff \"${PODS_PODFILE_DIR_PATH}/Podfile.lock\" \"${PODS_ROOT}/Manifest.lock\" > /dev/null\nif [ $? != 0 ] ; then\n    # print error to STDERR\n    echo \"error: The sandbox is not in sync with the Podfile.lock. Run 'pod install' or update your CocoaPods installation.\" >&2\n    exit 1\nfi\n# This output is used by Xcode 'outputs' to avoid re-running this script phase.\necho \"SUCCESS\" > \"${SCRIPT_OUTPUT_FILE_0}\"\n";
			showEnvVarsInLog = 0;
		};
		E6AD6425CA858B5591BDB1EB /* [CP] Embed Pods Frameworks */ = {
			isa = PBXShellScriptBuildPhase;
			buildActionMask = 2147483647;
			files = (
			);
			inputFileListPaths = (
				"${PODS_ROOT}/Target Support Files/Pods-Genre-SwiftUI/Pods-Genre-SwiftUI-frameworks-${CONFIGURATION}-input-files.xcfilelist",
			);
			name = "[CP] Embed Pods Frameworks";
			outputFileListPaths = (
				"${PODS_ROOT}/Target Support Files/Pods-Genre-SwiftUI/Pods-Genre-SwiftUI-frameworks-${CONFIGURATION}-output-files.xcfilelist",
			);
			runOnlyForDeploymentPostprocessing = 0;
			shellPath = /bin/sh;
			shellScript = "\"${PODS_ROOT}/Target Support Files/Pods-Genre-SwiftUI/Pods-Genre-SwiftUI-frameworks.sh\"\n";
			showEnvVarsInLog = 0;
		};
/* End PBXShellScriptBuildPhase section */

/* Begin PBXSourcesBuildPhase section */
		945D127424A6CF12008BDBE1 /* Sources */ = {
			isa = PBXSourcesBuildPhase;
			buildActionMask = 2147483647;
			files = (
				94F2187A24A8F19D00DABDDB /* Haptics.swift in Sources */,
				94F2186824A8ECDC00DABDDB /* Session+CoreDataProperties.swift in Sources */,
				948EDE2324AACDD9006E8699 /* WordListDataSource.swift in Sources */,
				945D127C24A6CF12008BDBE1 /* AppDelegate.swift in Sources */,
				94F2186A24A8ECDC00DABDDB /* Session+CoreDataClass.swift in Sources */,
				94F2187424A8EFDE00DABDDB /* WordManager.swift in Sources */,
				948EDE1C24A94FFB006E8699 /* HomeView.swift in Sources */,
				94F2186C24A8ECDC00DABDDB /* Word+CoreDataClass.swift in Sources */,
				94F2187F24A8F3D800DABDDB /* GameViewDataSource.swift in Sources */,
				945D127E24A6CF12008BDBE1 /* SceneDelegate.swift in Sources */,
				94F2186924A8ECDC00DABDDB /* Word+CoreDataProperties.swift in Sources */,
				94F2186B24A8ECDC00DABDDB /* WordModel.xcdatamodeld in Sources */,
				945D128024A6CF12008BDBE1 /* GameView.swift in Sources */,
				94F2187624A8F09400DABDDB /* Constants.swift in Sources */,
				948EDE1924A8FDCD006E8699 /* CardView.swift in Sources */,
				94F2187824A8F0A900DABDDB /* SessionManager.swift in Sources */,
				948EDE2124AACDA8006E8699 /* WordList.swift in Sources */,
			);
			runOnlyForDeploymentPostprocessing = 0;
		};
		945D128A24A6CF14008BDBE1 /* Sources */ = {
			isa = PBXSourcesBuildPhase;
			buildActionMask = 2147483647;
			files = (
				945D129324A6CF14008BDBE1 /* Genre_SwiftUITests.swift in Sources */,
			);
			runOnlyForDeploymentPostprocessing = 0;
		};
/* End PBXSourcesBuildPhase section */

/* Begin PBXTargetDependency section */
		945D129024A6CF14008BDBE1 /* PBXTargetDependency */ = {
			isa = PBXTargetDependency;
			target = 945D127724A6CF12008BDBE1 /* Genre-SwiftUI */;
			targetProxy = 945D128F24A6CF14008BDBE1 /* PBXContainerItemProxy */;
		};
/* End PBXTargetDependency section */

/* Begin PBXVariantGroup section */
		945D128624A6CF14008BDBE1 /* LaunchScreen.storyboard */ = {
			isa = PBXVariantGroup;
			children = (
				945D128724A6CF14008BDBE1 /* Base */,
			);
			name = LaunchScreen.storyboard;
			sourceTree = "<group>";
		};
/* End PBXVariantGroup section */

/* Begin XCBuildConfiguration section */
		945D129524A6CF14008BDBE1 /* Debug */ = {
			isa = XCBuildConfiguration;
			buildSettings = {
				ALWAYS_SEARCH_USER_PATHS = NO;
				CLANG_ANALYZER_NONNULL = YES;
				CLANG_ANALYZER_NUMBER_OBJECT_CONVERSION = YES_AGGRESSIVE;
				CLANG_CXX_LANGUAGE_STANDARD = "gnu++14";
				CLANG_CXX_LIBRARY = "libc++";
				CLANG_ENABLE_MODULES = YES;
				CLANG_ENABLE_OBJC_ARC = YES;
				CLANG_ENABLE_OBJC_WEAK = YES;
				CLANG_WARN_BLOCK_CAPTURE_AUTORELEASING = YES;
				CLANG_WARN_BOOL_CONVERSION = YES;
				CLANG_WARN_COMMA = YES;
				CLANG_WARN_CONSTANT_CONVERSION = YES;
				CLANG_WARN_DEPRECATED_OBJC_IMPLEMENTATIONS = YES;
				CLANG_WARN_DIRECT_OBJC_ISA_USAGE = YES_ERROR;
				CLANG_WARN_DOCUMENTATION_COMMENTS = YES;
				CLANG_WARN_EMPTY_BODY = YES;
				CLANG_WARN_ENUM_CONVERSION = YES;
				CLANG_WARN_INFINITE_RECURSION = YES;
				CLANG_WARN_INT_CONVERSION = YES;
				CLANG_WARN_NON_LITERAL_NULL_CONVERSION = YES;
				CLANG_WARN_OBJC_IMPLICIT_RETAIN_SELF = YES;
				CLANG_WARN_OBJC_LITERAL_CONVERSION = YES;
				CLANG_WARN_OBJC_ROOT_CLASS = YES_ERROR;
				CLANG_WARN_RANGE_LOOP_ANALYSIS = YES;
				CLANG_WARN_STRICT_PROTOTYPES = YES;
				CLANG_WARN_SUSPICIOUS_MOVE = YES;
				CLANG_WARN_UNGUARDED_AVAILABILITY = YES_AGGRESSIVE;
				CLANG_WARN_UNREACHABLE_CODE = YES;
				CLANG_WARN__DUPLICATE_METHOD_MATCH = YES;
				COPY_PHASE_STRIP = NO;
				DEBUG_INFORMATION_FORMAT = dwarf;
				ENABLE_STRICT_OBJC_MSGSEND = YES;
				ENABLE_TESTABILITY = YES;
				GCC_C_LANGUAGE_STANDARD = gnu11;
				GCC_DYNAMIC_NO_PIC = NO;
				GCC_NO_COMMON_BLOCKS = YES;
				GCC_OPTIMIZATION_LEVEL = 0;
				GCC_PREPROCESSOR_DEFINITIONS = (
					"DEBUG=1",
					"$(inherited)",
				);
				GCC_WARN_64_TO_32_BIT_CONVERSION = YES;
				GCC_WARN_ABOUT_RETURN_TYPE = YES_ERROR;
				GCC_WARN_UNDECLARED_SELECTOR = YES;
				GCC_WARN_UNINITIALIZED_AUTOS = YES_AGGRESSIVE;
				GCC_WARN_UNUSED_FUNCTION = YES;
				GCC_WARN_UNUSED_VARIABLE = YES;
				IPHONEOS_DEPLOYMENT_TARGET = 13.5;
				MTL_ENABLE_DEBUG_INFO = INCLUDE_SOURCE;
				MTL_FAST_MATH = YES;
				ONLY_ACTIVE_ARCH = YES;
				SDKROOT = iphoneos;
				SWIFT_ACTIVE_COMPILATION_CONDITIONS = DEBUG;
				SWIFT_OPTIMIZATION_LEVEL = "-Onone";
			};
			name = Debug;
		};
		945D129624A6CF14008BDBE1 /* Release */ = {
			isa = XCBuildConfiguration;
			buildSettings = {
				ALWAYS_SEARCH_USER_PATHS = NO;
				CLANG_ANALYZER_NONNULL = YES;
				CLANG_ANALYZER_NUMBER_OBJECT_CONVERSION = YES_AGGRESSIVE;
				CLANG_CXX_LANGUAGE_STANDARD = "gnu++14";
				CLANG_CXX_LIBRARY = "libc++";
				CLANG_ENABLE_MODULES = YES;
				CLANG_ENABLE_OBJC_ARC = YES;
				CLANG_ENABLE_OBJC_WEAK = YES;
				CLANG_WARN_BLOCK_CAPTURE_AUTORELEASING = YES;
				CLANG_WARN_BOOL_CONVERSION = YES;
				CLANG_WARN_COMMA = YES;
				CLANG_WARN_CONSTANT_CONVERSION = YES;
				CLANG_WARN_DEPRECATED_OBJC_IMPLEMENTATIONS = YES;
				CLANG_WARN_DIRECT_OBJC_ISA_USAGE = YES_ERROR;
				CLANG_WARN_DOCUMENTATION_COMMENTS = YES;
				CLANG_WARN_EMPTY_BODY = YES;
				CLANG_WARN_ENUM_CONVERSION = YES;
				CLANG_WARN_INFINITE_RECURSION = YES;
				CLANG_WARN_INT_CONVERSION = YES;
				CLANG_WARN_NON_LITERAL_NULL_CONVERSION = YES;
				CLANG_WARN_OBJC_IMPLICIT_RETAIN_SELF = YES;
				CLANG_WARN_OBJC_LITERAL_CONVERSION = YES;
				CLANG_WARN_OBJC_ROOT_CLASS = YES_ERROR;
				CLANG_WARN_RANGE_LOOP_ANALYSIS = YES;
				CLANG_WARN_STRICT_PROTOTYPES = YES;
				CLANG_WARN_SUSPICIOUS_MOVE = YES;
				CLANG_WARN_UNGUARDED_AVAILABILITY = YES_AGGRESSIVE;
				CLANG_WARN_UNREACHABLE_CODE = YES;
				CLANG_WARN__DUPLICATE_METHOD_MATCH = YES;
				COPY_PHASE_STRIP = NO;
				DEBUG_INFORMATION_FORMAT = "dwarf-with-dsym";
				ENABLE_NS_ASSERTIONS = NO;
				ENABLE_STRICT_OBJC_MSGSEND = YES;
				GCC_C_LANGUAGE_STANDARD = gnu11;
				GCC_NO_COMMON_BLOCKS = YES;
				GCC_WARN_64_TO_32_BIT_CONVERSION = YES;
				GCC_WARN_ABOUT_RETURN_TYPE = YES_ERROR;
				GCC_WARN_UNDECLARED_SELECTOR = YES;
				GCC_WARN_UNINITIALIZED_AUTOS = YES_AGGRESSIVE;
				GCC_WARN_UNUSED_FUNCTION = YES;
				GCC_WARN_UNUSED_VARIABLE = YES;
				IPHONEOS_DEPLOYMENT_TARGET = 13.5;
				MTL_ENABLE_DEBUG_INFO = NO;
				MTL_FAST_MATH = YES;
				SDKROOT = iphoneos;
				SWIFT_COMPILATION_MODE = wholemodule;
				SWIFT_OPTIMIZATION_LEVEL = "-O";
				VALIDATE_PRODUCT = YES;
			};
			name = Release;
		};
		945D129824A6CF14008BDBE1 /* Debug */ = {
			isa = XCBuildConfiguration;
			baseConfigurationReference = 338683E04D7FA9CC457B0E66 /* Pods-Genre-SwiftUI.debug.xcconfig */;
			buildSettings = {
				ASSETCATALOG_COMPILER_APPICON_NAME = AppIcon;
				CODE_SIGN_ENTITLEMENTS = "Genre-SwiftUI/App Settings/Genre-SwiftUI.entitlements";
				CODE_SIGN_STYLE = Automatic;
				DEVELOPMENT_ASSET_PATHS = "\"Genre-SwiftUI/Resources/Preview Content\"";
				DEVELOPMENT_TEAM = T6MXF72738;
				ENABLE_PREVIEWS = YES;
				INFOPLIST_FILE = "Genre-SwiftUI/App Settings/Info.plist";
				LD_RUNPATH_SEARCH_PATHS = (
					"$(inherited)",
					"@executable_path/Frameworks",
				);
				PRODUCT_BUNDLE_IDENTIFIER = "com.RyanDavidForsyth.Genre-SwiftUI";
				PRODUCT_NAME = "$(TARGET_NAME)";
				SUPPORTS_MACCATALYST = YES;
				SWIFT_VERSION = 5.0;
				TARGETED_DEVICE_FAMILY = "1,2";
			};
			name = Debug;
		};
		945D129924A6CF14008BDBE1 /* Release */ = {
			isa = XCBuildConfiguration;
			baseConfigurationReference = C7F1CA93FD1D6A0D9A4B3E19 /* Pods-Genre-SwiftUI.release.xcconfig */;
			buildSettings = {
				ASSETCATALOG_COMPILER_APPICON_NAME = AppIcon;
				CODE_SIGN_ENTITLEMENTS = "Genre-SwiftUI/App Settings/Genre-SwiftUI.entitlements";
				CODE_SIGN_STYLE = Automatic;
				DEVELOPMENT_ASSET_PATHS = "\"Genre-SwiftUI/Resources/Preview Content\"";
				DEVELOPMENT_TEAM = T6MXF72738;
				ENABLE_PREVIEWS = YES;
				INFOPLIST_FILE = "Genre-SwiftUI/App Settings/Info.plist";
				LD_RUNPATH_SEARCH_PATHS = (
					"$(inherited)",
					"@executable_path/Frameworks",
				);
				PRODUCT_BUNDLE_IDENTIFIER = "com.RyanDavidForsyth.Genre-SwiftUI";
				PRODUCT_NAME = "$(TARGET_NAME)";
				SUPPORTS_MACCATALYST = YES;
				SWIFT_VERSION = 5.0;
				TARGETED_DEVICE_FAMILY = "1,2";
			};
			name = Release;
		};
		945D129B24A6CF14008BDBE1 /* Debug */ = {
			isa = XCBuildConfiguration;
			baseConfigurationReference = 2859905D48B6B66B1D3C373B /* Pods-Genre-SwiftUITests.debug.xcconfig */;
			buildSettings = {
				ALWAYS_EMBED_SWIFT_STANDARD_LIBRARIES = YES;
				BUNDLE_LOADER = "$(TEST_HOST)";
				CODE_SIGN_STYLE = Automatic;
				DEVELOPMENT_TEAM = T6MXF72738;
				INFOPLIST_FILE = "Genre-SwiftUITests/Info.plist";
				IPHONEOS_DEPLOYMENT_TARGET = 13.5;
				LD_RUNPATH_SEARCH_PATHS = (
					"$(inherited)",
					"@executable_path/Frameworks",
					"@loader_path/Frameworks",
				);
				PRODUCT_BUNDLE_IDENTIFIER = "com.RyanDavidForsyth.Genre-SwiftUITests";
				PRODUCT_NAME = "$(TARGET_NAME)";
				SWIFT_VERSION = 5.0;
				TARGETED_DEVICE_FAMILY = "1,2";
				TEST_HOST = "$(BUILT_PRODUCTS_DIR)/Genre-SwiftUI.app/Genre-SwiftUI";
			};
			name = Debug;
		};
		945D129C24A6CF14008BDBE1 /* Release */ = {
			isa = XCBuildConfiguration;
			baseConfigurationReference = 0A2E13A1E496F61187661007 /* Pods-Genre-SwiftUITests.release.xcconfig */;
			buildSettings = {
				ALWAYS_EMBED_SWIFT_STANDARD_LIBRARIES = YES;
				BUNDLE_LOADER = "$(TEST_HOST)";
				CODE_SIGN_STYLE = Automatic;
				DEVELOPMENT_TEAM = T6MXF72738;
				INFOPLIST_FILE = "Genre-SwiftUITests/Info.plist";
				IPHONEOS_DEPLOYMENT_TARGET = 13.5;
				LD_RUNPATH_SEARCH_PATHS = (
					"$(inherited)",
					"@executable_path/Frameworks",
					"@loader_path/Frameworks",
				);
				PRODUCT_BUNDLE_IDENTIFIER = "com.RyanDavidForsyth.Genre-SwiftUITests";
				PRODUCT_NAME = "$(TARGET_NAME)";
				SWIFT_VERSION = 5.0;
				TARGETED_DEVICE_FAMILY = "1,2";
				TEST_HOST = "$(BUILT_PRODUCTS_DIR)/Genre-SwiftUI.app/Genre-SwiftUI";
			};
			name = Release;
		};
/* End XCBuildConfiguration section */

/* Begin XCConfigurationList section */
		945D127324A6CF12008BDBE1 /* Build configuration list for PBXProject "Genre-SwiftUI" */ = {
			isa = XCConfigurationList;
			buildConfigurations = (
				945D129524A6CF14008BDBE1 /* Debug */,
				945D129624A6CF14008BDBE1 /* Release */,
			);
			defaultConfigurationIsVisible = 0;
			defaultConfigurationName = Release;
		};
		945D129724A6CF14008BDBE1 /* Build configuration list for PBXNativeTarget "Genre-SwiftUI" */ = {
			isa = XCConfigurationList;
			buildConfigurations = (
				945D129824A6CF14008BDBE1 /* Debug */,
				945D129924A6CF14008BDBE1 /* Release */,
			);
			defaultConfigurationIsVisible = 0;
			defaultConfigurationName = Release;
		};
		945D129A24A6CF14008BDBE1 /* Build configuration list for PBXNativeTarget "Genre-SwiftUITests" */ = {
			isa = XCConfigurationList;
			buildConfigurations = (
				945D129B24A6CF14008BDBE1 /* Debug */,
				945D129C24A6CF14008BDBE1 /* Release */,
			);
			defaultConfigurationIsVisible = 0;
			defaultConfigurationName = Release;
		};
/* End XCConfigurationList section */

/* Begin XCVersionGroup section */
		94F2186524A8ECDC00DABDDB /* WordModel.xcdatamodeld */ = {
			isa = XCVersionGroup;
			children = (
				94F2186624A8ECDC00DABDDB /* WordModel.xcdatamodel */,
			);
			currentVersion = 94F2186624A8ECDC00DABDDB /* WordModel.xcdatamodel */;
			path = WordModel.xcdatamodeld;
			sourceTree = "<group>";
			versionGroupType = wrapper.xcdatamodel;
		};
/* End XCVersionGroup section */
	};
	rootObject = 945D127024A6CF12008BDBE1 /* Project object */;
}
